
Microsoft Visual Studio Solution File, Format Version 12.00
# Visual Studio Version 17
VisualStudioVersion = 17.4.33205.214
MinimumVisualStudioVersion = 10.0.40219.1
Project("{FAE04EC0-301F-11D3-BF4B-00C04F79EFBC}") = "calc", "calc\calc.csproj", "{8602884E-F3F8-41D2-BA3E-82C357A1ED5C}"
EndProject
Global
	GlobalSection(SolutionConfigurationPlatforms) = preSolution
		Debug|Any CPU = Debug|Any CPU
		Release|Any CPU = Release|Any CPU
	EndGlobalSection
	GlobalSection(ProjectConfigurationPlatforms) = postSolution
		{8602884E-F3F8-41D2-BA3E-82C357A1ED5C}.Debug|Any CPU.ActiveCfg = Debug|Any CPU
		{8602884E-F3F8-41D2-BA3E-82C357A1ED5C}.Debug|Any CPU.Build.0 = Debug|Any CPU
		{8602884E-F3F8-41D2-BA3E-82C357A1ED5C}.Release|Any CPU.ActiveCfg = Release|Any CPU
		{8602884E-F3F8-41D2-BA3E-82C357A1ED5C}.Release|Any CPU.Build.0 = Release|Any CPU
	EndGlobalSection
	GlobalSection(SolutionProperties) = preSolution
		HideSolutionNode = FALSE
	EndGlobalSection
	GlobalSection(ExtensibilityGlobals) = postSolution
		SolutionGuid = {985D1315-693C-460E-A274-002667C0E5B3}
	EndGlobalSection
EndGlobal
